
Microsoft Visual Studio Solution File, Format Version 12.00
# Visual Studio 15
VisualStudioVersion = 15.0.26730.12
MinimumVisualStudioVersion = 10.0.40219.1
Project("{2150E333-8FDC-42A3-9474-1A3956D46DE8}") = "Core", "Core", "{BEFE2B9E-2E5D-48B2-93C4-8E073F8101B8}"
EndProject
Project("{9A19103F-16F7-4668-BE54-9A1E7A4F7556}") = "Rhetos.Logging.Interfaces", "Source\Rhetos.Logging.Interfaces\Rhetos.Logging.Interfaces.csproj", "{334C250B-907A-49BB-8D01-E5D4C416CF6B}"
EndProject
Project("{9A19103F-16F7-4668-BE54-9A1E7A4F7556}") = "Rhetos.Logging", "Source\Rhetos.Logging\Rhetos.Logging.csproj", "{CEB1F52E-0DA3-4F61-9FC8-9D116B98A7CB}"
EndProject
Project("{9A19103F-16F7-4668-BE54-9A1E7A4F7556}") = "Rhetos.Utilities", "Source\Rhetos.Utilities\Rhetos.Utilities.csproj", "{28EB6B30-7F68-40F8-8EB0-E153E4F1B377}"
EndProject
Project("{9A19103F-16F7-4668-BE54-9A1E7A4F7556}") = "Rhetos.Dom", "Source\Rhetos.Dom\Rhetos.Dom.csproj", "{7FF42472-AC0D-46B0-BABA-F755AA61DFB4}"
EndProject
Project("{9A19103F-16F7-4668-BE54-9A1E7A4F7556}") = "Rhetos.Dom.Interfaces", "Source\Rhetos.Dom.Interfaces\Rhetos.Dom.Interfaces.csproj", "{9DF134FA-3769-428F-A521-D4FF91D6B3F2}"
EndProject
Project("{9A19103F-16F7-4668-BE54-9A1E7A4F7556}") = "Rhetos.Compiler.Interfaces", "Source\Rhetos.Compiler.Interfaces\Rhetos.Compiler.Interfaces.csproj", "{B2CC8F7B-A8C7-413D-8599-F36C53AB61E4}"
EndProject
Project("{9A19103F-16F7-4668-BE54-9A1E7A4F7556}") = "Rhetos.Dsl.Interfaces", "Source\Rhetos.Dsl.Interfaces\Rhetos.Dsl.Interfaces.csproj", "{36F819C3-ADED-4D21-9EA7-CEA02C639172}"
EndProject
Project("{9A19103F-16F7-4668-BE54-9A1E7A4F7556}") = "Rhetos.Extensibility.Interfaces", "Source\Rhetos.Extensibility.Interfaces\Rhetos.Extensibility.Interfaces.csproj", "{D2FC6040-5C2D-4910-B296-3DCCC8997F12}"
EndProject
Project("{9A19103F-16F7-4668-BE54-9A1E7A4F7556}") = "Rhetos.Extensibility", "Source\Rhetos.Extensibility\Rhetos.Extensibility.csproj", "{7536D7BA-49B6-4AD3-8172-003D94C5237D}"
EndProject
Project("{2150E333-8FDC-42A3-9474-1A3956D46DE8}") = "Deployment", "Deployment", "{B7216265-011A-4DA9-9C3A-2435404199CA}"
EndProject
Project("{9A19103F-16F7-4668-BE54-9A1E7A4F7556}") = "Rhetos.Deployment", "Source\Rhetos.Deployment\Rhetos.Deployment.csproj", "{D8911D08-7D9B-49CB-A7BC-C2CBA8D81E67}"
EndProject
Project("{9A19103F-16F7-4668-BE54-9A1E7A4F7556}") = "Rhetos.DatabaseGenerator.Interfaces", "Source\Rhetos.DatabaseGenerator.Interfaces\Rhetos.DatabaseGenerator.Interfaces.csproj", "{BA7268F3-F4EC-4642-A623-DE079F19046C}"
EndProject
Project("{9A19103F-16F7-4668-BE54-9A1E7A4F7556}") = "Rhetos.Compiler", "Source\Rhetos.Compiler\Rhetos.Compiler.csproj", "{092B2AF0-F655-4CF6-AE80-77C0CC495AC3}"
EndProject
Project("{9A19103F-16F7-4668-BE54-9A1E7A4F7556}") = "Rhetos.DatabaseGenerator", "Source\Rhetos.DatabaseGenerator\Rhetos.DatabaseGenerator.csproj", "{10D5B098-D23D-4134-8C02-B8BF3A00A662}"
EndProject
Project("{9A19103F-16F7-4668-BE54-9A1E7A4F7556}") = "Rhetos.Dsl", "Source\Rhetos.Dsl\Rhetos.Dsl.csproj", "{4F6E8251-E1CE-4745-94FA-35A735AA664A}"
EndProject
Project("{9A19103F-16F7-4668-BE54-9A1E7A4F7556}") = "Rhetos.Deployment.Interfaces", "Source\Rhetos.Deployment.Interfaces\Rhetos.Deployment.Interfaces.csproj", "{1464D8E0-FE83-4AED-950E-7776598ED440}"
EndProject
Project("{9A19103F-16F7-4668-BE54-9A1E7A4F7556}") = "Rhetos.Persistence.Interfaces", "Source\Rhetos.Persistence.Interfaces\Rhetos.Persistence.Interfaces.csproj", "{B7B6E915-21FD-4543-B134-9B143082B5A1}"
EndProject
Project("{9A19103F-16F7-4668-BE54-9A1E7A4F7556}") = "Rhetos.Persistence", "Source\Rhetos.Persistence\Rhetos.Persistence.csproj", "{A3E918E0-076E-425B-BD3B-CD841B778D59}"
EndProject
Project("{9A19103F-16F7-4668-BE54-9A1E7A4F7556}") = "Rhetos.Processing.Interfaces", "Source\Rhetos.Processing.Interfaces\Rhetos.Processing.Interfaces.csproj", "{8710343B-711F-48B6-9E08-CA52CADA49FD}"
EndProject
Project("{9A19103F-16F7-4668-BE54-9A1E7A4F7556}") = "Rhetos.Security.Interfaces", "Source\Rhetos.Security.Interfaces\Rhetos.Security.Interfaces.csproj", "{F7E70729-AABF-4FF0-A286-9010757B01C8}"
EndProject
Project("{9A19103F-16F7-4668-BE54-9A1E7A4F7556}") = "Rhetos.Processing", "Source\Rhetos.Processing\Rhetos.Processing.csproj", "{8AF41227-1B07-407F-9E33-1A0B1BFAA8AC}"
EndProject
Project("{9A19103F-16F7-4668-BE54-9A1E7A4F7556}") = "Rhetos.Security", "Source\Rhetos.Security\Rhetos.Security.csproj", "{F3BC9BB0-2440-494E-86BF-5F65E726E864}"
EndProject
Project("{9A19103F-16F7-4668-BE54-9A1E7A4F7556}") = "DeployPackages", "Source\DeployPackages\DeployPackages.csproj", "{1761F8EE-2951-491F-A26D-3FA47FC415C8}"
EndProject
Project("{2150E333-8FDC-42A3-9474-1A3956D46DE8}") = "Server", "Server", "{9122CE99-4F8B-4685-A040-9245801DFB60}"
EndProject
Project("{9A19103F-16F7-4668-BE54-9A1E7A4F7556}") = "Rhetos.Configuration.Autofac", "Source\Rhetos.Configuration.Autofac\Rhetos.Configuration.Autofac.csproj", "{8893A7FA-4131-4A18-AAA8-E587DD7EA6B9}"
EndProject
Project("{2150E333-8FDC-42A3-9474-1A3956D46DE8}") = "CommonConcepts", "CommonConcepts", "{19468F90-4114-41E7-9A21-128D784F1809}"
EndProject
Project("{9A19103F-16F7-4668-BE54-9A1E7A4F7556}") = "Rhetos.Dom.DefaultConcepts.Interfaces", "CommonConcepts\Plugins\Rhetos.Dom.DefaultConcepts.Interfaces\Rhetos.Dom.DefaultConcepts.Interfaces.csproj", "{F1D820DA-20AF-472D-A01E-C9B1903490C7}"
EndProject
Project("{9A19103F-16F7-4668-BE54-9A1E7A4F7556}") = "Rhetos.Dom.DefaultConcepts", "CommonConcepts\Plugins\Rhetos.Dom.DefaultConcepts\Rhetos.Dom.DefaultConcepts.csproj", "{6F6D8F4F-6001-4B39-ACEC-346C07752CB4}"
EndProject
Project("{9A19103F-16F7-4668-BE54-9A1E7A4F7556}") = "Rhetos.DatabaseGenerator.DefaultConcepts", "CommonConcepts\Plugins\Rhetos.DatabaseGenerator.DefaultConcepts\Rhetos.DatabaseGenerator.DefaultConcepts.csproj", "{266A4648-0935-40E5-A392-B7542AC05844}"
EndProject
Project("{9A19103F-16F7-4668-BE54-9A1E7A4F7556}") = "Rhetos.Dsl.DefaultConcepts", "CommonConcepts\Plugins\Rhetos.Dsl.DefaultConcepts\Rhetos.Dsl.DefaultConcepts.csproj", "{4226BCC3-C103-4ED7-B3EC-D802348B76C1}"
EndProject
Project("{9A19103F-16F7-4668-BE54-9A1E7A4F7556}") = "Rhetos.Processing.DefaultCommands.Interfaces", "CommonConcepts\Plugins\Rhetos.Processing.DefaultCommands.Interfaces\Rhetos.Processing.DefaultCommands.Interfaces.csproj", "{9C4A7652-AB9D-474C-ADB1-A993C8DCAAFA}"
EndProject
Project("{9A19103F-16F7-4668-BE54-9A1E7A4F7556}") = "Rhetos.Processing.DefaultCommands", "CommonConcepts\Plugins\Rhetos.Processing.DefaultCommands\Rhetos.Processing.DefaultCommands.csproj", "{DB63286C-01C1-4B07-AD8E-857AB10F1A9C}"
EndProject
Project("{9A19103F-16F7-4668-BE54-9A1E7A4F7556}") = "CreateAndSetDatabase", "Source\CreateAndSetDatabase\CreateAndSetDatabase.csproj", "{97BF79E7-7F51-48BD-A0B5-5763F81FE50D}"
EndProject
Project("{2150E333-8FDC-42A3-9474-1A3956D46DE8}") = "RestGenerator", "RestGenerator", "{8FDA6D4D-8F38-4BCB-B151-1F4032A4549E}"
EndProject
Project("{9A19103F-16F7-4668-BE54-9A1E7A4F7556}") = "Rhetos.RestGenerator", "RestGenerator\Rhetos.RestGenerator\Rhetos.RestGenerator.csproj", "{0CD30FCB-7ACD-4D6C-A92E-8CFAC649EA61}"
EndProject
Project("{9A19103F-16F7-4668-BE54-9A1E7A4F7556}") = "Rhetos", "Source\Rhetos\Rhetos.csproj", "{20848BCA-BAE8-4D53-9309-E42B2475F3FA}"
EndProject
Project("{9A19103F-16F7-4668-BE54-9A1E7A4F7556}") = "Rhetos.XmlSerialization", "Source\Rhetos.XmlSerialization\Rhetos.XmlSerialization.csproj", "{96D50DA5-6DA5-40FE-B9E7-7F98AFB3438D}"
EndProject
Project("{2150E333-8FDC-42A3-9474-1A3956D46DE8}") = "SecurityPlugins", "SecurityPlugins", "{B266EB82-1FCD-4F3E-B4E3-5923FDA79B72}"
EndProject
Project("{FAE04EC0-301F-11D3-BF4B-00C04F79EFBC}") = "Rhetos.AspNetFormsAuth", "AspNetFormsAuth\Plugins\Rhetos.AspNetFormsAuth\Rhetos.AspNetFormsAuth.csproj", "{0C83F1FE-C685-468D-AC36-9EBF29A1EADF}"
EndProject
Project("{FAE04EC0-301F-11D3-BF4B-00C04F79EFBC}") = "Rhetos.AspNetFormsAuth.Interfaces", "AspNetFormsAuth\Plugins\Rhetos.AspNetFormsAuth.Interfaces\Rhetos.AspNetFormsAuth.Interfaces.csproj", "{AC1669CF-1B0A-4524-945A-390F4307AB81}"
EndProject
Global
	GlobalSection(SolutionConfigurationPlatforms) = preSolution
		Debug|Any CPU = Debug|Any CPU
		Release|Any CPU = Release|Any CPU
	EndGlobalSection
	GlobalSection(ProjectConfigurationPlatforms) = postSolution
		{334C250B-907A-49BB-8D01-E5D4C416CF6B}.Debug|Any CPU.ActiveCfg = Debug|Any CPU
		{334C250B-907A-49BB-8D01-E5D4C416CF6B}.Debug|Any CPU.Build.0 = Debug|Any CPU
		{334C250B-907A-49BB-8D01-E5D4C416CF6B}.Release|Any CPU.ActiveCfg = Release|Any CPU
		{334C250B-907A-49BB-8D01-E5D4C416CF6B}.Release|Any CPU.Build.0 = Release|Any CPU
		{CEB1F52E-0DA3-4F61-9FC8-9D116B98A7CB}.Debug|Any CPU.ActiveCfg = Debug|Any CPU
		{CEB1F52E-0DA3-4F61-9FC8-9D116B98A7CB}.Debug|Any CPU.Build.0 = Debug|Any CPU
		{CEB1F52E-0DA3-4F61-9FC8-9D116B98A7CB}.Release|Any CPU.ActiveCfg = Release|Any CPU
		{CEB1F52E-0DA3-4F61-9FC8-9D116B98A7CB}.Release|Any CPU.Build.0 = Release|Any CPU
		{28EB6B30-7F68-40F8-8EB0-E153E4F1B377}.Debug|Any CPU.ActiveCfg = Debug|Any CPU
		{28EB6B30-7F68-40F8-8EB0-E153E4F1B377}.Debug|Any CPU.Build.0 = Debug|Any CPU
		{28EB6B30-7F68-40F8-8EB0-E153E4F1B377}.Release|Any CPU.ActiveCfg = Release|Any CPU
		{28EB6B30-7F68-40F8-8EB0-E153E4F1B377}.Release|Any CPU.Build.0 = Release|Any CPU
		{7FF42472-AC0D-46B0-BABA-F755AA61DFB4}.Debug|Any CPU.ActiveCfg = Debug|Any CPU
		{7FF42472-AC0D-46B0-BABA-F755AA61DFB4}.Debug|Any CPU.Build.0 = Debug|Any CPU
		{7FF42472-AC0D-46B0-BABA-F755AA61DFB4}.Release|Any CPU.ActiveCfg = Release|Any CPU
		{7FF42472-AC0D-46B0-BABA-F755AA61DFB4}.Release|Any CPU.Build.0 = Release|Any CPU
		{9DF134FA-3769-428F-A521-D4FF91D6B3F2}.Debug|Any CPU.ActiveCfg = Debug|Any CPU
		{9DF134FA-3769-428F-A521-D4FF91D6B3F2}.Debug|Any CPU.Build.0 = Debug|Any CPU
		{9DF134FA-3769-428F-A521-D4FF91D6B3F2}.Release|Any CPU.ActiveCfg = Release|Any CPU
		{9DF134FA-3769-428F-A521-D4FF91D6B3F2}.Release|Any CPU.Build.0 = Release|Any CPU
		{B2CC8F7B-A8C7-413D-8599-F36C53AB61E4}.Debug|Any CPU.ActiveCfg = Debug|Any CPU
		{B2CC8F7B-A8C7-413D-8599-F36C53AB61E4}.Debug|Any CPU.Build.0 = Debug|Any CPU
		{B2CC8F7B-A8C7-413D-8599-F36C53AB61E4}.Release|Any CPU.ActiveCfg = Release|Any CPU
		{B2CC8F7B-A8C7-413D-8599-F36C53AB61E4}.Release|Any CPU.Build.0 = Release|Any CPU
		{36F819C3-ADED-4D21-9EA7-CEA02C639172}.Debug|Any CPU.ActiveCfg = Debug|Any CPU
		{36F819C3-ADED-4D21-9EA7-CEA02C639172}.Debug|Any CPU.Build.0 = Debug|Any CPU
		{36F819C3-ADED-4D21-9EA7-CEA02C639172}.Release|Any CPU.ActiveCfg = Release|Any CPU
		{36F819C3-ADED-4D21-9EA7-CEA02C639172}.Release|Any CPU.Build.0 = Release|Any CPU
		{D2FC6040-5C2D-4910-B296-3DCCC8997F12}.Debug|Any CPU.ActiveCfg = Debug|Any CPU
		{D2FC6040-5C2D-4910-B296-3DCCC8997F12}.Debug|Any CPU.Build.0 = Debug|Any CPU
		{D2FC6040-5C2D-4910-B296-3DCCC8997F12}.Release|Any CPU.ActiveCfg = Release|Any CPU
		{D2FC6040-5C2D-4910-B296-3DCCC8997F12}.Release|Any CPU.Build.0 = Release|Any CPU
		{7536D7BA-49B6-4AD3-8172-003D94C5237D}.Debug|Any CPU.ActiveCfg = Debug|Any CPU
		{7536D7BA-49B6-4AD3-8172-003D94C5237D}.Debug|Any CPU.Build.0 = Debug|Any CPU
		{7536D7BA-49B6-4AD3-8172-003D94C5237D}.Release|Any CPU.ActiveCfg = Release|Any CPU
		{7536D7BA-49B6-4AD3-8172-003D94C5237D}.Release|Any CPU.Build.0 = Release|Any CPU
		{D8911D08-7D9B-49CB-A7BC-C2CBA8D81E67}.Debug|Any CPU.ActiveCfg = Debug|Any CPU
		{D8911D08-7D9B-49CB-A7BC-C2CBA8D81E67}.Debug|Any CPU.Build.0 = Debug|Any CPU
		{D8911D08-7D9B-49CB-A7BC-C2CBA8D81E67}.Release|Any CPU.ActiveCfg = Release|Any CPU
		{D8911D08-7D9B-49CB-A7BC-C2CBA8D81E67}.Release|Any CPU.Build.0 = Release|Any CPU
		{BA7268F3-F4EC-4642-A623-DE079F19046C}.Debug|Any CPU.ActiveCfg = Debug|Any CPU
		{BA7268F3-F4EC-4642-A623-DE079F19046C}.Debug|Any CPU.Build.0 = Debug|Any CPU
		{BA7268F3-F4EC-4642-A623-DE079F19046C}.Release|Any CPU.ActiveCfg = Release|Any CPU
		{BA7268F3-F4EC-4642-A623-DE079F19046C}.Release|Any CPU.Build.0 = Release|Any CPU
		{092B2AF0-F655-4CF6-AE80-77C0CC495AC3}.Debug|Any CPU.ActiveCfg = Debug|Any CPU
		{092B2AF0-F655-4CF6-AE80-77C0CC495AC3}.Debug|Any CPU.Build.0 = Debug|Any CPU
		{092B2AF0-F655-4CF6-AE80-77C0CC495AC3}.Release|Any CPU.ActiveCfg = Release|Any CPU
		{092B2AF0-F655-4CF6-AE80-77C0CC495AC3}.Release|Any CPU.Build.0 = Release|Any CPU
		{10D5B098-D23D-4134-8C02-B8BF3A00A662}.Debug|Any CPU.ActiveCfg = Debug|Any CPU
		{10D5B098-D23D-4134-8C02-B8BF3A00A662}.Debug|Any CPU.Build.0 = Debug|Any CPU
		{10D5B098-D23D-4134-8C02-B8BF3A00A662}.Release|Any CPU.ActiveCfg = Release|Any CPU
		{10D5B098-D23D-4134-8C02-B8BF3A00A662}.Release|Any CPU.Build.0 = Release|Any CPU
		{4F6E8251-E1CE-4745-94FA-35A735AA664A}.Debug|Any CPU.ActiveCfg = Debug|Any CPU
		{4F6E8251-E1CE-4745-94FA-35A735AA664A}.Debug|Any CPU.Build.0 = Debug|Any CPU
		{4F6E8251-E1CE-4745-94FA-35A735AA664A}.Release|Any CPU.ActiveCfg = Release|Any CPU
		{4F6E8251-E1CE-4745-94FA-35A735AA664A}.Release|Any CPU.Build.0 = Release|Any CPU
		{1464D8E0-FE83-4AED-950E-7776598ED440}.Debug|Any CPU.ActiveCfg = Debug|Any CPU
		{1464D8E0-FE83-4AED-950E-7776598ED440}.Debug|Any CPU.Build.0 = Debug|Any CPU
		{1464D8E0-FE83-4AED-950E-7776598ED440}.Release|Any CPU.ActiveCfg = Release|Any CPU
		{1464D8E0-FE83-4AED-950E-7776598ED440}.Release|Any CPU.Build.0 = Release|Any CPU
		{B7B6E915-21FD-4543-B134-9B143082B5A1}.Debug|Any CPU.ActiveCfg = Debug|Any CPU
		{B7B6E915-21FD-4543-B134-9B143082B5A1}.Debug|Any CPU.Build.0 = Debug|Any CPU
		{B7B6E915-21FD-4543-B134-9B143082B5A1}.Release|Any CPU.ActiveCfg = Release|Any CPU
		{B7B6E915-21FD-4543-B134-9B143082B5A1}.Release|Any CPU.Build.0 = Release|Any CPU
		{A3E918E0-076E-425B-BD3B-CD841B778D59}.Debug|Any CPU.ActiveCfg = Debug|Any CPU
		{A3E918E0-076E-425B-BD3B-CD841B778D59}.Debug|Any CPU.Build.0 = Debug|Any CPU
		{A3E918E0-076E-425B-BD3B-CD841B778D59}.Release|Any CPU.ActiveCfg = Release|Any CPU
		{A3E918E0-076E-425B-BD3B-CD841B778D59}.Release|Any CPU.Build.0 = Release|Any CPU
		{8710343B-711F-48B6-9E08-CA52CADA49FD}.Debug|Any CPU.ActiveCfg = Debug|Any CPU
		{8710343B-711F-48B6-9E08-CA52CADA49FD}.Debug|Any CPU.Build.0 = Debug|Any CPU
		{8710343B-711F-48B6-9E08-CA52CADA49FD}.Release|Any CPU.ActiveCfg = Release|Any CPU
		{8710343B-711F-48B6-9E08-CA52CADA49FD}.Release|Any CPU.Build.0 = Release|Any CPU
		{F7E70729-AABF-4FF0-A286-9010757B01C8}.Debug|Any CPU.ActiveCfg = Debug|Any CPU
		{F7E70729-AABF-4FF0-A286-9010757B01C8}.Debug|Any CPU.Build.0 = Debug|Any CPU
		{F7E70729-AABF-4FF0-A286-9010757B01C8}.Release|Any CPU.ActiveCfg = Release|Any CPU
		{F7E70729-AABF-4FF0-A286-9010757B01C8}.Release|Any CPU.Build.0 = Release|Any CPU
		{8AF41227-1B07-407F-9E33-1A0B1BFAA8AC}.Debug|Any CPU.ActiveCfg = Debug|Any CPU
		{8AF41227-1B07-407F-9E33-1A0B1BFAA8AC}.Debug|Any CPU.Build.0 = Debug|Any CPU
		{8AF41227-1B07-407F-9E33-1A0B1BFAA8AC}.Release|Any CPU.ActiveCfg = Release|Any CPU
		{8AF41227-1B07-407F-9E33-1A0B1BFAA8AC}.Release|Any CPU.Build.0 = Release|Any CPU
		{F3BC9BB0-2440-494E-86BF-5F65E726E864}.Debug|Any CPU.ActiveCfg = Debug|Any CPU
		{F3BC9BB0-2440-494E-86BF-5F65E726E864}.Debug|Any CPU.Build.0 = Debug|Any CPU
		{F3BC9BB0-2440-494E-86BF-5F65E726E864}.Release|Any CPU.ActiveCfg = Release|Any CPU
		{F3BC9BB0-2440-494E-86BF-5F65E726E864}.Release|Any CPU.Build.0 = Release|Any CPU
		{1761F8EE-2951-491F-A26D-3FA47FC415C8}.Debug|Any CPU.ActiveCfg = Debug|Any CPU
		{1761F8EE-2951-491F-A26D-3FA47FC415C8}.Debug|Any CPU.Build.0 = Debug|Any CPU
		{1761F8EE-2951-491F-A26D-3FA47FC415C8}.Release|Any CPU.ActiveCfg = Release|Any CPU
		{1761F8EE-2951-491F-A26D-3FA47FC415C8}.Release|Any CPU.Build.0 = Release|Any CPU
		{8893A7FA-4131-4A18-AAA8-E587DD7EA6B9}.Debug|Any CPU.ActiveCfg = Debug|Any CPU
		{8893A7FA-4131-4A18-AAA8-E587DD7EA6B9}.Debug|Any CPU.Build.0 = Debug|Any CPU
		{8893A7FA-4131-4A18-AAA8-E587DD7EA6B9}.Release|Any CPU.ActiveCfg = Release|Any CPU
		{8893A7FA-4131-4A18-AAA8-E587DD7EA6B9}.Release|Any CPU.Build.0 = Release|Any CPU
		{F1D820DA-20AF-472D-A01E-C9B1903490C7}.Debug|Any CPU.ActiveCfg = Debug|Any CPU
		{F1D820DA-20AF-472D-A01E-C9B1903490C7}.Debug|Any CPU.Build.0 = Debug|Any CPU
		{F1D820DA-20AF-472D-A01E-C9B1903490C7}.Release|Any CPU.ActiveCfg = Release|Any CPU
		{F1D820DA-20AF-472D-A01E-C9B1903490C7}.Release|Any CPU.Build.0 = Release|Any CPU
		{6F6D8F4F-6001-4B39-ACEC-346C07752CB4}.Debug|Any CPU.ActiveCfg = Debug|Any CPU
		{6F6D8F4F-6001-4B39-ACEC-346C07752CB4}.Debug|Any CPU.Build.0 = Debug|Any CPU
		{6F6D8F4F-6001-4B39-ACEC-346C07752CB4}.Release|Any CPU.ActiveCfg = Release|Any CPU
		{6F6D8F4F-6001-4B39-ACEC-346C07752CB4}.Release|Any CPU.Build.0 = Release|Any CPU
		{266A4648-0935-40E5-A392-B7542AC05844}.Debug|Any CPU.ActiveCfg = Debug|Any CPU
		{266A4648-0935-40E5-A392-B7542AC05844}.Debug|Any CPU.Build.0 = Debug|Any CPU
		{266A4648-0935-40E5-A392-B7542AC05844}.Release|Any CPU.ActiveCfg = Release|Any CPU
		{266A4648-0935-40E5-A392-B7542AC05844}.Release|Any CPU.Build.0 = Release|Any CPU
		{4226BCC3-C103-4ED7-B3EC-D802348B76C1}.Debug|Any CPU.ActiveCfg = Debug|Any CPU
		{4226BCC3-C103-4ED7-B3EC-D802348B76C1}.Debug|Any CPU.Build.0 = Debug|Any CPU
		{4226BCC3-C103-4ED7-B3EC-D802348B76C1}.Release|Any CPU.ActiveCfg = Release|Any CPU
		{4226BCC3-C103-4ED7-B3EC-D802348B76C1}.Release|Any CPU.Build.0 = Release|Any CPU
		{9C4A7652-AB9D-474C-ADB1-A993C8DCAAFA}.Debug|Any CPU.ActiveCfg = Debug|Any CPU
		{9C4A7652-AB9D-474C-ADB1-A993C8DCAAFA}.Debug|Any CPU.Build.0 = Debug|Any CPU
		{9C4A7652-AB9D-474C-ADB1-A993C8DCAAFA}.Release|Any CPU.ActiveCfg = Release|Any CPU
		{9C4A7652-AB9D-474C-ADB1-A993C8DCAAFA}.Release|Any CPU.Build.0 = Release|Any CPU
		{DB63286C-01C1-4B07-AD8E-857AB10F1A9C}.Debug|Any CPU.ActiveCfg = Debug|Any CPU
		{DB63286C-01C1-4B07-AD8E-857AB10F1A9C}.Debug|Any CPU.Build.0 = Debug|Any CPU
		{DB63286C-01C1-4B07-AD8E-857AB10F1A9C}.Release|Any CPU.ActiveCfg = Release|Any CPU
		{DB63286C-01C1-4B07-AD8E-857AB10F1A9C}.Release|Any CPU.Build.0 = Release|Any CPU
		{97BF79E7-7F51-48BD-A0B5-5763F81FE50D}.Debug|Any CPU.ActiveCfg = Debug|Any CPU
		{97BF79E7-7F51-48BD-A0B5-5763F81FE50D}.Debug|Any CPU.Build.0 = Debug|Any CPU
		{97BF79E7-7F51-48BD-A0B5-5763F81FE50D}.Release|Any CPU.ActiveCfg = Release|Any CPU
		{97BF79E7-7F51-48BD-A0B5-5763F81FE50D}.Release|Any CPU.Build.0 = Release|Any CPU
		{0CD30FCB-7ACD-4D6C-A92E-8CFAC649EA61}.Debug|Any CPU.ActiveCfg = Debug|Any CPU
		{0CD30FCB-7ACD-4D6C-A92E-8CFAC649EA61}.Debug|Any CPU.Build.0 = Debug|Any CPU
		{0CD30FCB-7ACD-4D6C-A92E-8CFAC649EA61}.Release|Any CPU.ActiveCfg = Release|Any CPU
		{0CD30FCB-7ACD-4D6C-A92E-8CFAC649EA61}.Release|Any CPU.Build.0 = Release|Any CPU
		{20848BCA-BAE8-4D53-9309-E42B2475F3FA}.Debug|Any CPU.ActiveCfg = Debug|Any CPU
		{20848BCA-BAE8-4D53-9309-E42B2475F3FA}.Debug|Any CPU.Build.0 = Debug|Any CPU
		{20848BCA-BAE8-4D53-9309-E42B2475F3FA}.Release|Any CPU.ActiveCfg = Release|Any CPU
		{20848BCA-BAE8-4D53-9309-E42B2475F3FA}.Release|Any CPU.Build.0 = Release|Any CPU
		{96D50DA5-6DA5-40FE-B9E7-7F98AFB3438D}.Debug|Any CPU.ActiveCfg = Debug|Any CPU
		{96D50DA5-6DA5-40FE-B9E7-7F98AFB3438D}.Debug|Any CPU.Build.0 = Debug|Any CPU
		{96D50DA5-6DA5-40FE-B9E7-7F98AFB3438D}.Release|Any CPU.ActiveCfg = Release|Any CPU
		{96D50DA5-6DA5-40FE-B9E7-7F98AFB3438D}.Release|Any CPU.Build.0 = Release|Any CPU
		{0C83F1FE-C685-468D-AC36-9EBF29A1EADF}.Debug|Any CPU.ActiveCfg = Debug|Any CPU
		{0C83F1FE-C685-468D-AC36-9EBF29A1EADF}.Debug|Any CPU.Build.0 = Debug|Any CPU
		{0C83F1FE-C685-468D-AC36-9EBF29A1EADF}.Release|Any CPU.ActiveCfg = Release|Any CPU
		{0C83F1FE-C685-468D-AC36-9EBF29A1EADF}.Release|Any CPU.Build.0 = Release|Any CPU
		{AC1669CF-1B0A-4524-945A-390F4307AB81}.Debug|Any CPU.ActiveCfg = Debug|Any CPU
		{AC1669CF-1B0A-4524-945A-390F4307AB81}.Debug|Any CPU.Build.0 = Debug|Any CPU
		{AC1669CF-1B0A-4524-945A-390F4307AB81}.Release|Any CPU.ActiveCfg = Release|Any CPU
		{AC1669CF-1B0A-4524-945A-390F4307AB81}.Release|Any CPU.Build.0 = Release|Any CPU
	EndGlobalSection
	GlobalSection(SolutionProperties) = preSolution
		HideSolutionNode = FALSE
	EndGlobalSection
	GlobalSection(NestedProjects) = preSolution
		{334C250B-907A-49BB-8D01-E5D4C416CF6B} = {BEFE2B9E-2E5D-48B2-93C4-8E073F8101B8}
		{CEB1F52E-0DA3-4F61-9FC8-9D116B98A7CB} = {BEFE2B9E-2E5D-48B2-93C4-8E073F8101B8}
		{28EB6B30-7F68-40F8-8EB0-E153E4F1B377} = {BEFE2B9E-2E5D-48B2-93C4-8E073F8101B8}
		{7FF42472-AC0D-46B0-BABA-F755AA61DFB4} = {BEFE2B9E-2E5D-48B2-93C4-8E073F8101B8}
		{9DF134FA-3769-428F-A521-D4FF91D6B3F2} = {BEFE2B9E-2E5D-48B2-93C4-8E073F8101B8}
		{B2CC8F7B-A8C7-413D-8599-F36C53AB61E4} = {BEFE2B9E-2E5D-48B2-93C4-8E073F8101B8}
		{36F819C3-ADED-4D21-9EA7-CEA02C639172} = {BEFE2B9E-2E5D-48B2-93C4-8E073F8101B8}
		{D2FC6040-5C2D-4910-B296-3DCCC8997F12} = {BEFE2B9E-2E5D-48B2-93C4-8E073F8101B8}
		{7536D7BA-49B6-4AD3-8172-003D94C5237D} = {BEFE2B9E-2E5D-48B2-93C4-8E073F8101B8}
		{D8911D08-7D9B-49CB-A7BC-C2CBA8D81E67} = {B7216265-011A-4DA9-9C3A-2435404199CA}
		{BA7268F3-F4EC-4642-A623-DE079F19046C} = {BEFE2B9E-2E5D-48B2-93C4-8E073F8101B8}
		{092B2AF0-F655-4CF6-AE80-77C0CC495AC3} = {BEFE2B9E-2E5D-48B2-93C4-8E073F8101B8}
		{10D5B098-D23D-4134-8C02-B8BF3A00A662} = {BEFE2B9E-2E5D-48B2-93C4-8E073F8101B8}
		{4F6E8251-E1CE-4745-94FA-35A735AA664A} = {BEFE2B9E-2E5D-48B2-93C4-8E073F8101B8}
		{1464D8E0-FE83-4AED-950E-7776598ED440} = {B7216265-011A-4DA9-9C3A-2435404199CA}
		{B7B6E915-21FD-4543-B134-9B143082B5A1} = {BEFE2B9E-2E5D-48B2-93C4-8E073F8101B8}
		{A3E918E0-076E-425B-BD3B-CD841B778D59} = {BEFE2B9E-2E5D-48B2-93C4-8E073F8101B8}
		{8710343B-711F-48B6-9E08-CA52CADA49FD} = {BEFE2B9E-2E5D-48B2-93C4-8E073F8101B8}
		{F7E70729-AABF-4FF0-A286-9010757B01C8} = {BEFE2B9E-2E5D-48B2-93C4-8E073F8101B8}
		{8AF41227-1B07-407F-9E33-1A0B1BFAA8AC} = {BEFE2B9E-2E5D-48B2-93C4-8E073F8101B8}
		{F3BC9BB0-2440-494E-86BF-5F65E726E864} = {BEFE2B9E-2E5D-48B2-93C4-8E073F8101B8}
		{1761F8EE-2951-491F-A26D-3FA47FC415C8} = {B7216265-011A-4DA9-9C3A-2435404199CA}
		{8893A7FA-4131-4A18-AAA8-E587DD7EA6B9} = {9122CE99-4F8B-4685-A040-9245801DFB60}
		{F1D820DA-20AF-472D-A01E-C9B1903490C7} = {19468F90-4114-41E7-9A21-128D784F1809}
		{6F6D8F4F-6001-4B39-ACEC-346C07752CB4} = {19468F90-4114-41E7-9A21-128D784F1809}
		{266A4648-0935-40E5-A392-B7542AC05844} = {19468F90-4114-41E7-9A21-128D784F1809}
		{4226BCC3-C103-4ED7-B3EC-D802348B76C1} = {19468F90-4114-41E7-9A21-128D784F1809}
		{9C4A7652-AB9D-474C-ADB1-A993C8DCAAFA} = {19468F90-4114-41E7-9A21-128D784F1809}
		{DB63286C-01C1-4B07-AD8E-857AB10F1A9C} = {19468F90-4114-41E7-9A21-128D784F1809}
		{97BF79E7-7F51-48BD-A0B5-5763F81FE50D} = {B7216265-011A-4DA9-9C3A-2435404199CA}
		{0CD30FCB-7ACD-4D6C-A92E-8CFAC649EA61} = {8FDA6D4D-8F38-4BCB-B151-1F4032A4549E}
		{20848BCA-BAE8-4D53-9309-E42B2475F3FA} = {9122CE99-4F8B-4685-A040-9245801DFB60}
		{96D50DA5-6DA5-40FE-B9E7-7F98AFB3438D} = {BEFE2B9E-2E5D-48B2-93C4-8E073F8101B8}
		{0C83F1FE-C685-468D-AC36-9EBF29A1EADF} = {B266EB82-1FCD-4F3E-B4E3-5923FDA79B72}
		{AC1669CF-1B0A-4524-945A-390F4307AB81} = {B266EB82-1FCD-4F3E-B4E3-5923FDA79B72}
	EndGlobalSection
	GlobalSection(ExtensibilityGlobals) = postSolution
		SolutionGuid = {C50D68D4-9966-4555-9DB6-9948779B3D90}
	EndGlobalSection
EndGlobal
